
cloud.google.com/go v0.26.0/go.mod h1:aQUYkXzVsufM+DwF1aE+0xfcU+56JwCaLick0ClmMTw=
filippo.io/edwards25519 v1.0.0 h1:0wAIcmJUqRdI8IJ/3eGi5/HwXZWPujYXXlkrQogz0Ek=
filippo.io/edwards25519 v1.0.0/go.mod h1:N1IkdkCkiLB6tki+MYJoSx2JTY9NUlxZE7eHn5EwJns=
github.com/BurntSushi/toml v0.3.1/go.mod h1:xHWCNGjB5oqiDr8zfno3MHue2Ht5sIBksp03qcyfWMU=
github.com/aead/siphash v1.0.1/go.mod h1:Nywa3cDsYNNK3gaciGTWPwHt0wlpNV15vwmswBAUSII=
github.com/btcsuite/btcd v0.20.1-beta/go.mod h1:wVuoA8VJLEcwgqHBwHmzLRazpKxTv13Px/pDuV7OomQ=
github.com/btcsuite/btclog v0.0.0-20170628155309-84c8d2346e9f/go.mod h1:TdznJufoqS23FtqVCzL0ZqgP5MqXbb4fg/WgDys70nA=
github.com/btcsuite/btcutil v0.0.0-20190425235716-9e5f4b9a998d/go.mod h1:+5NJ2+qvTyV9exUAL/rxXi3DcLg2Ts+ymUAY5y4NvMg=
github.com/btcsuite/btcutil v1.0.2/go.mod h1:j9HUFwoQRsZL3V4n+qG+CUnEGHOarIxfC3Le2Yhbcts=
github.com/btcsuite/btcutil v1.0.3-0.20201208143702-a53e38424cce h1:YtWJF7RHm2pYCvA5t0RPmAaLUhREsKuKd+SLhxFbFeQ=
github.com/btcsuite/btcutil v1.0.3-0.20201208143702-a53e38424cce/go.mod h1:0DVlHczLPewLcPGEIeUEzfOJhqGPQ0mJJRDBtD307+o=
github.com/btcsuite/go-socks v0.0.0-20170105172521-4720035b7bfd/go.mod h1:HHNXQzUsZCxOoE+CPiyCTO6x34Zs86zZUiwtpXoGdtg=
github.com/btcsuite/goleveldb v0.0.0-20160330041536-7834afc9e8cd/go.mod h1:F+uVaaLLH7j4eDXPRvw78tMflu7Ie2bzYOH4Y8rRKBY=
github.com/btcsuite/snappy-go v0.0.0-20151229074030-0bdef8d06723/go.mod h1:8woku9dyThutzjeg+3xrA5iCpBRH8XEEg3lh6TiUghc=
github.com/btcsuite/websocket v0.0.0-20150119174127-31079b680792/go.mod h1:ghJtEyQwv5/p4Mg4C0fgbePVuGr935/5ddU9Z3TmDRY=
github.com/btcsuite/winsvc v1.0.0/go.mod h1:jsenWakMcC0zFBFurPLEAyrnc/teJEM1O46fmI40EZs=